
Microsoft Visual Studio Solution File, Format Version 12.00
# Visual Studio Version 17
VisualStudioVersion = 17.3.32929.385
MinimumVisualStudioVersion = 10.0.40219.1
Project("{FAE04EC0-301F-11D3-BF4B-00C04F79EFBC}") = "trpo_task_25_11", "trpo_task_25_11.csproj", "{8E6D5F0F-75E9-42A7-B9CB-03BD1D1AF4A2}"
EndProject
Global
	GlobalSection(SolutionConfigurationPlatforms) = preSolution
		Debug|Any CPU = Debug|Any CPU
		Release|Any CPU = Release|Any CPU
	EndGlobalSection
	GlobalSection(ProjectConfigurationPlatforms) = postSolution
		{8E6D5F0F-75E9-42A7-B9CB-03BD1D1AF4A2}.Debug|Any CPU.ActiveCfg = Debug|Any CPU
		{8E6D5F0F-75E9-42A7-B9CB-03BD1D1AF4A2}.Debug|Any CPU.Build.0 = Debug|Any CPU
		{8E6D5F0F-75E9-42A7-B9CB-03BD1D1AF4A2}.Release|Any CPU.ActiveCfg = Release|Any CPU
		{8E6D5F0F-75E9-42A7-B9CB-03BD1D1AF4A2}.Release|Any CPU.Build.0 = Release|Any CPU
	EndGlobalSection
	GlobalSection(SolutionProperties) = preSolution
		HideSolutionNode = FALSE
	EndGlobalSection
	GlobalSection(ExtensibilityGlobals) = postSolution
		SolutionGuid = {64FD6DD3-9DCC-47E5-850A-39A046D202D2}
	EndGlobalSection
EndGlobal
